hash: b860a8a7193b7d2150df6015f6c50ac19b9532758f1453b37838c0b18833919a
updated: 2016-08-02T16:03:44.6065726-04:00
imports:
- name: github.com/apparentlymart/go-cidr
  version: a3ebdb999b831ecb6ab8a226e31b07b2b9061c47
  subpackages:
  - github.com\apparentlymart\go-cidr\cidr
- name: github.com/aws/aws-sdk-go
  version: 2cc71659118a868dc7544a7ef0808eb42d487011
  subpackages:
  - github.com\aws\aws-sdk-go\aws
  - github.com\aws\aws-sdk-go\aws\credentials
  - github.com\aws\aws-sdk-go\aws\credentials\ec2rolecreds
  - github.com\aws\aws-sdk-go\aws\session
  - github.com\aws\aws-sdk-go\service\s3
  - github.com\aws\aws-sdk-go\aws\awserr
  - github.com\aws\aws-sdk-go\aws\client
  - github.com\aws\aws-sdk-go\aws\ec2metadata
  - github.com\aws\aws-sdk-go\aws\corehandlers
  - github.com\aws\aws-sdk-go\aws\defaults
  - github.com\aws\aws-sdk-go\aws\request
  - github.com\aws\aws-sdk-go\private\endpoints
  - github.com\aws\aws-sdk-go\aws\awsutil
  - github.com\aws\aws-sdk-go\aws\client\metadata
  - github.com\aws\aws-sdk-go\private\protocol
  - github.com\aws\aws-sdk-go\private\protocol\restxml
  - github.com\aws\aws-sdk-go\private\signer\v4
  - github.com\aws\aws-sdk-go\private\waiter
  - github.com\aws\aws-sdk-go\private\protocol\query
  - github.com\aws\aws-sdk-go\private\protocol\rest
  - github.com\aws\aws-sdk-go\private\protocol\xml\xmlutil
  - github.com\aws\aws-sdk-go\private\protocol\query\queryutil
- name: github.com/BSick7/fortycloud-sdk-go
  version: 3ae36232104af93b6521bdcc54f7443c797ce05b
  subpackages:
  - github.com\BSick7\fortycloud-sdk-go\api
  - github.com\BSick7\fortycloud-sdk-go\internal
- name: github.com/BSick7/terraform-provider-fortycloud
  version: 0570b7e465323f2866a171e44d0e9db1e1252cb4
  subpackages:
  - github.com\BSick7\terraform-provider-fortycloud\fortycloud
- name: github.com/go-ini/ini
  version: afbd495e5aaea13597b5e14fe514ddeaa4d76fc3
  subpackages:
  - github.com\go-ini\ini
- name: github.com/hashicorp/errwrap
  version: 7554cd9344cec97297fa6649b055a8c98c2a1e55
  subpackages:
  - github.com\hashicorp\errwrap
- name: github.com/hashicorp/go-getter
  version: 2822987a64e0df1236ac29dd277ddf79f4871f9a
  subpackages:
  - github.com\hashicorp\go-getter
  - github.com\hashicorp\go-getter\helper\url
- name: github.com/hashicorp/go-multierror
  version: d30f09973e19c1dfcd120b2d9c4f168e68d6b5d5
  subpackages:
  - github.com\hashicorp\go-multierror
- name: github.com/hashicorp/go-plugin
  version: 8cf118f7a2f0c7ef1c82f66d4f6ac77c7e27dc12
  subpackages:
  - github.com\hashicorp\go-plugin
- name: github.com/hashicorp/go-uuid
  version: 36289988d83ca270bc07c234c36f364b0dd9c9a7
  subpackages:
  - github.com\hashicorp\go-uuid
- name: github.com/hashicorp/go-version
  version: deeb027c13a95d56c7585df3fe29207208c6706e
  subpackages:
  - github.com\hashicorp\go-version
- name: github.com/hashicorp/hcl
  version: 9a905a34e6280ce905da1a32344b25e81011197a
  subpackages:
  - github.com\hashicorp\hcl
  - github.com\hashicorp\hcl\hcl\ast
  - github.com\hashicorp\hcl\hcl\parser
  - github.com\hashicorp\hcl\hcl\token
  - github.com\hashicorp\hcl\json\parser
  - github.com\hashicorp\hcl\hcl\scanner
  - github.com\hashicorp\hcl\hcl\strconv
  - github.com\hashicorp\hcl\json\scanner
  - github.com\hashicorp\hcl\json\token
- name: github.com/hashicorp/hil
  version: 0640fefa3817883b16b77bf760c4c3a6f2589545
  subpackages:
  - github.com\hashicorp\hil
  - github.com\hashicorp\hil\ast
- name: github.com/hashicorp/terraform
  version: e822a79165dbc06bbf8271ee349fe256867d53dc
  subpackages:
  - github.com\hashicorp\terraform\plugin
  - github.com\hashicorp\terraform\helper\schema
  - github.com\hashicorp\terraform\terraform
  - github.com\hashicorp\terraform\helper\hashcode
  - github.com\hashicorp\terraform\config
  - github.com\hashicorp\terraform\config\module
  - github.com\hashicorp\terraform\dag
  - github.com\hashicorp\terraform\dot
  - github.com\hashicorp\terraform\flatmap
  - github.com\hashicorp\terraform\helper\hilmapstructure
- name: github.com/hashicorp/yamux
  version: df949784da9ed028ee76df44652e42d37a09d7e4
  subpackages:
  - github.com\hashicorp\yamux
- name: github.com/jmespath/go-jmespath
  version: c01cf91b011868172fdcd9f41838e80c9d716264
  subpackages:
  - github.com\jmespath\go-jmespath
- name: github.com/mitchellh/copystructure
  version: 80adcec1955ee4e97af357c30dee61aadcc02c10
  subpackages:
  - github.com\mitchellh\copystructure
- name: github.com/mitchellh/go-homedir
  version: d682a8f0cf139663a984ff12528da460ca963de9
  subpackages:
  - github.com\mitchellh\go-homedir
- name: github.com/mitchellh/mapstructure
  version: 281073eb9eb092240d33ef253c404f1cca550309
  subpackages:
  - github.com\mitchellh\mapstructure
- name: github.com/mitchellh/reflectwalk
  version: eecf4c70c626c7cfbb95c90195bc34d386c74ac6
  subpackages:
  - github.com\mitchellh\reflectwalk
- name: github.com/satori/go.uuid
  version: 0aa62d5ddceb50dbcb909d790b5345affd3669b6
  subpackages:
  - github.com\satori\go.uuid
devImports: []
